
Microsoft Visual Studio Solution File, Format Version 12.00
# Visual Studio Version 17
VisualStudioVersion = 17.14.36414.22 d17.14
MinimumVisualStudioVersion = 10.0.40219.1
Project("{FAE04EC0-301F-11D3-BF4B-00C04F79EFBC}") = "ProyectoCapas", "ProyectoCapas\ProyectoCapas.csproj", "{2349E304-AD7D-4B90-B94F-6C25F7141D6B}"
EndProject
Project("{FAE04EC0-301F-11D3-BF4B-00C04F79EFBC}") = "ProyectoCapas.AccesoDatos", "ProyectoCapas.AccesoDatos\ProyectoCapas.AccesoDatos.csproj", "{AFBA8446-792B-472B-AD9E-1F1CC5E88057}"
EndProject
Project("{FAE04EC0-301F-11D3-BF4B-00C04F79EFBC}") = "ProyectoCapas.Models", "ProyectoCapas.Models\ProyectoCapas.Models.csproj", "{7A094D24-2E1E-4871-92DD-97E41D31D25B}"
EndProject
Project("{FAE04EC0-301F-11D3-BF4B-00C04F79EFBC}") = "ProyectoCapas.Utilidades", "ProyectoCapas.Utilidades\ProyectoCapas.Utilidades.csproj", "{BD914899-A287-41D8-9937-39A76EC3CE02}"
EndProject
Global
	GlobalSection(SolutionConfigurationPlatforms) = preSolution
		Debug|Any CPU = Debug|Any CPU
		Release|Any CPU = Release|Any CPU
	EndGlobalSection
	GlobalSection(ProjectConfigurationPlatforms) = postSolution
		{2349E304-AD7D-4B90-B94F-6C25F7141D6B}.Debug|Any CPU.ActiveCfg = Debug|Any CPU
		{2349E304-AD7D-4B90-B94F-6C25F7141D6B}.Debug|Any CPU.Build.0 = Debug|Any CPU
		{2349E304-AD7D-4B90-B94F-6C25F7141D6B}.Release|Any CPU.ActiveCfg = Release|Any CPU
		{2349E304-AD7D-4B90-B94F-6C25F7141D6B}.Release|Any CPU.Build.0 = Release|Any CPU
		{AFBA8446-792B-472B-AD9E-1F1CC5E88057}.Debug|Any CPU.ActiveCfg = Debug|Any CPU
		{AFBA8446-792B-472B-AD9E-1F1CC5E88057}.Debug|Any CPU.Build.0 = Debug|Any CPU
		{AFBA8446-792B-472B-AD9E-1F1CC5E88057}.Release|Any CPU.ActiveCfg = Release|Any CPU
		{AFBA8446-792B-472B-AD9E-1F1CC5E88057}.Release|Any CPU.Build.0 = Release|Any CPU
		{7A094D24-2E1E-4871-92DD-97E41D31D25B}.Debug|Any CPU.ActiveCfg = Debug|Any CPU
		{7A094D24-2E1E-4871-92DD-97E41D31D25B}.Debug|Any CPU.Build.0 = Debug|Any CPU
		{7A094D24-2E1E-4871-92DD-97E41D31D25B}.Release|Any CPU.ActiveCfg = Release|Any CPU
		{7A094D24-2E1E-4871-92DD-97E41D31D25B}.Release|Any CPU.Build.0 = Release|Any CPU
		{BD914899-A287-41D8-9937-39A76EC3CE02}.Debug|Any CPU.ActiveCfg = Debug|Any CPU
		{BD914899-A287-41D8-9937-39A76EC3CE02}.Debug|Any CPU.Build.0 = Debug|Any CPU
		{BD914899-A287-41D8-9937-39A76EC3CE02}.Release|Any CPU.ActiveCfg = Release|Any CPU
		{BD914899-A287-41D8-9937-39A76EC3CE02}.Release|Any CPU.Build.0 = Release|Any CPU
	EndGlobalSection
	GlobalSection(SolutionProperties) = preSolution
		HideSolutionNode = FALSE
	EndGlobalSection
	GlobalSection(ExtensibilityGlobals) = postSolution
		SolutionGuid = {A68982B9-6229-4E0C-B865-66D8E4B34DE1}
	EndGlobalSection
EndGlobal
