
Microsoft Visual Studio Solution File, Format Version 12.00
# Visual Studio Version 17
VisualStudioVersion = 17.14.36414.22 d17.14
MinimumVisualStudioVersion = 10.0.40219.1
Project("{FAE04EC0-301F-11D3-BF4B-00C04F79EFBC}") = "DapperMVCDemo.UI", "DapperMVCDemo.UI\DapperMVCDemo.UI.csproj", "{AA98E5EF-B0B2-4DF4-A9FE-E583D8B31F58}"
EndProject
Project("{FAE04EC0-301F-11D3-BF4B-00C04F79EFBC}") = "DapperMVCDemo.Data", "DapperMVCDemo.Data\DapperMVCDemo.Data.csproj", "{A167F643-85CD-4353-81DB-948C026ADA17}"
EndProject
Global
	GlobalSection(SolutionConfigurationPlatforms) = preSolution
		Debug|Any CPU = Debug|Any CPU
		Release|Any CPU = Release|Any CPU
	EndGlobalSection
	GlobalSection(ProjectConfigurationPlatforms) = postSolution
		{AA98E5EF-B0B2-4DF4-A9FE-E583D8B31F58}.Debug|Any CPU.ActiveCfg = Debug|Any CPU
		{AA98E5EF-B0B2-4DF4-A9FE-E583D8B31F58}.Debug|Any CPU.Build.0 = Debug|Any CPU
		{AA98E5EF-B0B2-4DF4-A9FE-E583D8B31F58}.Release|Any CPU.ActiveCfg = Release|Any CPU
		{AA98E5EF-B0B2-4DF4-A9FE-E583D8B31F58}.Release|Any CPU.Build.0 = Release|Any CPU
		{A167F643-85CD-4353-81DB-948C026ADA17}.Debug|Any CPU.ActiveCfg = Debug|Any CPU
		{A167F643-85CD-4353-81DB-948C026ADA17}.Debug|Any CPU.Build.0 = Debug|Any CPU
		{A167F643-85CD-4353-81DB-948C026ADA17}.Release|Any CPU.ActiveCfg = Release|Any CPU
		{A167F643-85CD-4353-81DB-948C026ADA17}.Release|Any CPU.Build.0 = Release|Any CPU
	EndGlobalSection
	GlobalSection(SolutionProperties) = preSolution
		HideSolutionNode = FALSE
	EndGlobalSection
	GlobalSection(ExtensibilityGlobals) = postSolution
		SolutionGuid = {0663DC64-969E-4425-BE68-7E054784AB91}
	EndGlobalSection
EndGlobal
