
Microsoft Visual Studio Solution File, Format Version 12.00
# Visual Studio Version 17
VisualStudioVersion = 17.14.36414.22 d17.14
MinimumVisualStudioVersion = 10.0.40219.1
Project("{FAE04EC0-301F-11D3-BF4B-00C04F79EFBC}") = "ConnectedModel", "ConnectedModel\ConnectedModel.csproj", "{3225A845-943D-4A49-91F9-91535EB69BD5}"
EndProject
Global
	GlobalSection(SolutionConfigurationPlatforms) = preSolution
		Debug|Any CPU = Debug|Any CPU
		Release|Any CPU = Release|Any CPU
	EndGlobalSection
	GlobalSection(ProjectConfigurationPlatforms) = postSolution
		{3225A845-943D-4A49-91F9-91535EB69BD5}.Debug|Any CPU.ActiveCfg = Debug|Any CPU
		{3225A845-943D-4A49-91F9-91535EB69BD5}.Debug|Any CPU.Build.0 = Debug|Any CPU
		{3225A845-943D-4A49-91F9-91535EB69BD5}.Release|Any CPU.ActiveCfg = Release|Any CPU
		{3225A845-943D-4A49-91F9-91535EB69BD5}.Release|Any CPU.Build.0 = Release|Any CPU
	EndGlobalSection
	GlobalSection(SolutionProperties) = preSolution
		HideSolutionNode = FALSE
	EndGlobalSection
	GlobalSection(ExtensibilityGlobals) = postSolution
		SolutionGuid = {09D3224F-636C-4DCB-9B20-F98FBE436F00}
	EndGlobalSection
EndGlobal
