
Microsoft Visual Studio Solution File, Format Version 12.00
# Visual Studio Version 17
VisualStudioVersion = 17.14.36414.22 d17.14
MinimumVisualStudioVersion = 10.0.40219.1
Project("{FAE04EC0-301F-11D3-BF4B-00C04F79EFBC}") = "DataNotationsEF", "DataNotationsEF\DataNotationsEF.csproj", "{62AE6DE2-A869-41CB-8FDF-AF5D8A1C3627}"
EndProject
Global
	GlobalSection(SolutionConfigurationPlatforms) = preSolution
		Debug|Any CPU = Debug|Any CPU
		Release|Any CPU = Release|Any CPU
	EndGlobalSection
	GlobalSection(ProjectConfigurationPlatforms) = postSolution
		{62AE6DE2-A869-41CB-8FDF-AF5D8A1C3627}.Debug|Any CPU.ActiveCfg = Debug|Any CPU
		{62AE6DE2-A869-41CB-8FDF-AF5D8A1C3627}.Debug|Any CPU.Build.0 = Debug|Any CPU
		{62AE6DE2-A869-41CB-8FDF-AF5D8A1C3627}.Release|Any CPU.ActiveCfg = Release|Any CPU
		{62AE6DE2-A869-41CB-8FDF-AF5D8A1C3627}.Release|Any CPU.Build.0 = Release|Any CPU
	EndGlobalSection
	GlobalSection(SolutionProperties) = preSolution
		HideSolutionNode = FALSE
	EndGlobalSection
	GlobalSection(ExtensibilityGlobals) = postSolution
		SolutionGuid = {6B13B50A-387B-4C10-B810-063D85FB06BC}
	EndGlobalSection
EndGlobal
