
Microsoft Visual Studio Solution File, Format Version 12.00
# Visual Studio Version 17
VisualStudioVersion = 17.14.36414.22 d17.14
MinimumVisualStudioVersion = 10.0.40219.1
Project("{FAE04EC0-301F-11D3-BF4B-00C04F79EFBC}") = "FluentAPI_EF", "FluentAPI_EF\FluentAPI_EF.csproj", "{3FEF545D-CD80-4814-A327-52EED67A7752}"
EndProject
Global
	GlobalSection(SolutionConfigurationPlatforms) = preSolution
		Debug|Any CPU = Debug|Any CPU
		Release|Any CPU = Release|Any CPU
	EndGlobalSection
	GlobalSection(ProjectConfigurationPlatforms) = postSolution
		{3FEF545D-CD80-4814-A327-52EED67A7752}.Debug|Any CPU.ActiveCfg = Debug|Any CPU
		{3FEF545D-CD80-4814-A327-52EED67A7752}.Debug|Any CPU.Build.0 = Debug|Any CPU
		{3FEF545D-CD80-4814-A327-52EED67A7752}.Release|Any CPU.ActiveCfg = Release|Any CPU
		{3FEF545D-CD80-4814-A327-52EED67A7752}.Release|Any CPU.Build.0 = Release|Any CPU
	EndGlobalSection
	GlobalSection(SolutionProperties) = preSolution
		HideSolutionNode = FALSE
	EndGlobalSection
	GlobalSection(ExtensibilityGlobals) = postSolution
		SolutionGuid = {CF930C2C-B266-4350-977D-D969F1D3215E}
	EndGlobalSection
EndGlobal
