
Microsoft Visual Studio Solution File, Format Version 12.00
# Visual Studio Version 17
VisualStudioVersion = 17.14.36414.22 d17.14
MinimumVisualStudioVersion = 10.0.40219.1
Project("{FAE04EC0-301F-11D3-BF4B-00C04F79EFBC}") = "ProjectNTier", "ProjectNTier\ProjectNTier.csproj", "{F66EC5C5-0BBA-4E91-93D1-702A11952F85}"
EndProject
Project("{FAE04EC0-301F-11D3-BF4B-00C04F79EFBC}") = "DAL", "DAL\DAL.csproj", "{90486E67-357F-439F-8EE4-7A9E85393619}"
EndProject
Project("{FAE04EC0-301F-11D3-BF4B-00C04F79EFBC}") = "BLL", "BLL\BLL.csproj", "{69A0AB9B-1BAF-44CE-9B71-84A4C2F5D07F}"
EndProject
Project("{FAE04EC0-301F-11D3-BF4B-00C04F79EFBC}") = "BOL", "BOL\BOL.csproj", "{DC183235-5410-4D7A-9E3C-529DBF423FE3}"
EndProject
Global
	GlobalSection(SolutionConfigurationPlatforms) = preSolution
		Debug|Any CPU = Debug|Any CPU
		Release|Any CPU = Release|Any CPU
	EndGlobalSection
	GlobalSection(ProjectConfigurationPlatforms) = postSolution
		{F66EC5C5-0BBA-4E91-93D1-702A11952F85}.Debug|Any CPU.ActiveCfg = Debug|Any CPU
		{F66EC5C5-0BBA-4E91-93D1-702A11952F85}.Debug|Any CPU.Build.0 = Debug|Any CPU
		{F66EC5C5-0BBA-4E91-93D1-702A11952F85}.Release|Any CPU.ActiveCfg = Release|Any CPU
		{F66EC5C5-0BBA-4E91-93D1-702A11952F85}.Release|Any CPU.Build.0 = Release|Any CPU
		{90486E67-357F-439F-8EE4-7A9E85393619}.Debug|Any CPU.ActiveCfg = Debug|Any CPU
		{90486E67-357F-439F-8EE4-7A9E85393619}.Debug|Any CPU.Build.0 = Debug|Any CPU
		{90486E67-357F-439F-8EE4-7A9E85393619}.Release|Any CPU.ActiveCfg = Release|Any CPU
		{90486E67-357F-439F-8EE4-7A9E85393619}.Release|Any CPU.Build.0 = Release|Any CPU
		{69A0AB9B-1BAF-44CE-9B71-84A4C2F5D07F}.Debug|Any CPU.ActiveCfg = Debug|Any CPU
		{69A0AB9B-1BAF-44CE-9B71-84A4C2F5D07F}.Debug|Any CPU.Build.0 = Debug|Any CPU
		{69A0AB9B-1BAF-44CE-9B71-84A4C2F5D07F}.Release|Any CPU.ActiveCfg = Release|Any CPU
		{69A0AB9B-1BAF-44CE-9B71-84A4C2F5D07F}.Release|Any CPU.Build.0 = Release|Any CPU
		{DC183235-5410-4D7A-9E3C-529DBF423FE3}.Debug|Any CPU.ActiveCfg = Debug|Any CPU
		{DC183235-5410-4D7A-9E3C-529DBF423FE3}.Debug|Any CPU.Build.0 = Debug|Any CPU
		{DC183235-5410-4D7A-9E3C-529DBF423FE3}.Release|Any CPU.ActiveCfg = Release|Any CPU
		{DC183235-5410-4D7A-9E3C-529DBF423FE3}.Release|Any CPU.Build.0 = Release|Any CPU
	EndGlobalSection
	GlobalSection(SolutionProperties) = preSolution
		HideSolutionNode = FALSE
	EndGlobalSection
	GlobalSection(ExtensibilityGlobals) = postSolution
		SolutionGuid = {199C7360-D82E-45DC-96B0-A8476006C897}
	EndGlobalSection
EndGlobal
