
Microsoft Visual Studio Solution File, Format Version 12.00
# Visual Studio Version 17
VisualStudioVersion = 17.14.36414.22 d17.14
MinimumVisualStudioVersion = 10.0.40219.1
Project("{FAE04EC0-301F-11D3-BF4B-00C04F79EFBC}") = "IEnumerable - IQueryable", "IEnumerable - IQueryable\IEnumerable - IQueryable.csproj", "{5B9A986D-00CE-4EE6-9D76-F44241945FA8}"
EndProject
Global
	GlobalSection(SolutionConfigurationPlatforms) = preSolution
		Debug|Any CPU = Debug|Any CPU
		Release|Any CPU = Release|Any CPU
	EndGlobalSection
	GlobalSection(ProjectConfigurationPlatforms) = postSolution
		{5B9A986D-00CE-4EE6-9D76-F44241945FA8}.Debug|Any CPU.ActiveCfg = Debug|Any CPU
		{5B9A986D-00CE-4EE6-9D76-F44241945FA8}.Debug|Any CPU.Build.0 = Debug|Any CPU
		{5B9A986D-00CE-4EE6-9D76-F44241945FA8}.Release|Any CPU.ActiveCfg = Release|Any CPU
		{5B9A986D-00CE-4EE6-9D76-F44241945FA8}.Release|Any CPU.Build.0 = Release|Any CPU
	EndGlobalSection
	GlobalSection(SolutionProperties) = preSolution
		HideSolutionNode = FALSE
	EndGlobalSection
	GlobalSection(ExtensibilityGlobals) = postSolution
		SolutionGuid = {83471F91-8487-4FCB-A741-BE1141B0772A}
	EndGlobalSection
EndGlobal
